
Microsoft Visual Studio Solution File, Format Version 12.00
# Visual Studio 15
VisualStudioVersion = 15.0.27130.2027
MinimumVisualStudioVersion = 10.0.40219.1
Project("{9A19103F-16F7-4668-BE54-9A1E7A4F7556}") = "AvuxiFileReader", "AvuxiFileReader\AvuxiFileReader.csproj", "{EC21B2E0-757B-451B-9AD3-C4DB0713C480}"
EndProject
Project("{2150E333-8FDC-42A3-9474-1A3956D46DE8}") = "Solution Items", "Solution Items", "{4843CA7E-E7E7-47E9-90C1-A0E6CEA6BB5B}"
	ProjectSection(SolutionItems) = preProject
		.gitignore = .gitignore
	EndProjectSection
EndProject
Global
	GlobalSection(SolutionConfigurationPlatforms) = preSolution
		Debug|Any CPU = Debug|Any CPU
		Release|Any CPU = Release|Any CPU
	EndGlobalSection
	GlobalSection(ProjectConfigurationPlatforms) = postSolution
		{EC21B2E0-757B-451B-9AD3-C4DB0713C480}.Debug|Any CPU.ActiveCfg = Debug|Any CPU
		{EC21B2E0-757B-451B-9AD3-C4DB0713C480}.Debug|Any CPU.Build.0 = Debug|Any CPU
		{EC21B2E0-757B-451B-9AD3-C4DB0713C480}.Release|Any CPU.ActiveCfg = Release|Any CPU
		{EC21B2E0-757B-451B-9AD3-C4DB0713C480}.Release|Any CPU.Build.0 = Release|Any CPU
	EndGlobalSection
	GlobalSection(SolutionProperties) = preSolution
		HideSolutionNode = FALSE
	EndGlobalSection
	GlobalSection(ExtensibilityGlobals) = postSolution
		SolutionGuid = {FD251ACA-45FF-4AFF-B644-334F36E2FDD8}
	EndGlobalSection
EndGlobal
